
Microsoft Visual Studio Solution File, Format Version 12.00
# Visual Studio Version 17
VisualStudioVersion = 17.9.34701.34
MinimumVisualStudioVersion = 10.0.40219.1
Project("{FAE04EC0-301F-11D3-BF4B-00C04F79EFBC}") = "heroApi", "heroApi\heroApi.csproj", "{379753C2-7B17-4314-9D6D-B7F50860498B}"
EndProject
Project("{FAE04EC0-301F-11D3-BF4B-00C04F79EFBC}") = "Domain", "Domain\Domain.csproj", "{B47999F0-746E-47F2-81FE-4B63A929AF95}"
EndProject
Project("{FAE04EC0-301F-11D3-BF4B-00C04F79EFBC}") = "Repository", "Repository\Repository.csproj", "{79C8FC9A-9854-4CFE-BB91-D39887E330AC}"
EndProject
Project("{FAE04EC0-301F-11D3-BF4B-00C04F79EFBC}") = "Service", "Service\Service.csproj", "{8258D6AF-5DFB-42D3-B1FF-10DF3C2A9E91}"
EndProject
Global
	GlobalSection(SolutionConfigurationPlatforms) = preSolution
		Debug|Any CPU = Debug|Any CPU
		Release|Any CPU = Release|Any CPU
	EndGlobalSection
	GlobalSection(ProjectConfigurationPlatforms) = postSolution
		{379753C2-7B17-4314-9D6D-B7F50860498B}.Debug|Any CPU.ActiveCfg = Debug|Any CPU
		{379753C2-7B17-4314-9D6D-B7F50860498B}.Debug|Any CPU.Build.0 = Debug|Any CPU
		{379753C2-7B17-4314-9D6D-B7F50860498B}.Release|Any CPU.ActiveCfg = Release|Any CPU
		{379753C2-7B17-4314-9D6D-B7F50860498B}.Release|Any CPU.Build.0 = Release|Any CPU
		{B47999F0-746E-47F2-81FE-4B63A929AF95}.Debug|Any CPU.ActiveCfg = Debug|Any CPU
		{B47999F0-746E-47F2-81FE-4B63A929AF95}.Debug|Any CPU.Build.0 = Debug|Any CPU
		{B47999F0-746E-47F2-81FE-4B63A929AF95}.Release|Any CPU.ActiveCfg = Release|Any CPU
		{B47999F0-746E-47F2-81FE-4B63A929AF95}.Release|Any CPU.Build.0 = Release|Any CPU
		{79C8FC9A-9854-4CFE-BB91-D39887E330AC}.Debug|Any CPU.ActiveCfg = Debug|Any CPU
		{79C8FC9A-9854-4CFE-BB91-D39887E330AC}.Debug|Any CPU.Build.0 = Debug|Any CPU
		{79C8FC9A-9854-4CFE-BB91-D39887E330AC}.Release|Any CPU.ActiveCfg = Release|Any CPU
		{79C8FC9A-9854-4CFE-BB91-D39887E330AC}.Release|Any CPU.Build.0 = Release|Any CPU
		{8258D6AF-5DFB-42D3-B1FF-10DF3C2A9E91}.Debug|Any CPU.ActiveCfg = Debug|Any CPU
		{8258D6AF-5DFB-42D3-B1FF-10DF3C2A9E91}.Debug|Any CPU.Build.0 = Debug|Any CPU
		{8258D6AF-5DFB-42D3-B1FF-10DF3C2A9E91}.Release|Any CPU.ActiveCfg = Release|Any CPU
		{8258D6AF-5DFB-42D3-B1FF-10DF3C2A9E91}.Release|Any CPU.Build.0 = Release|Any CPU
	EndGlobalSection
	GlobalSection(SolutionProperties) = preSolution
		HideSolutionNode = FALSE
	EndGlobalSection
	GlobalSection(ExtensibilityGlobals) = postSolution
		SolutionGuid = {C77B5342-9FE4-476D-8F5C-5512485C0DD5}
	EndGlobalSection
EndGlobal
